
Microsoft Visual Studio Solution File, Format Version 12.00
# Visual Studio 15
VisualStudioVersion = 15.0.27130.2010
MinimumVisualStudioVersion = 10.0.40219.1
Project("{8BC9CEB8-8B4A-11D0-8D11-00A0C91BC942}") = "Encryption", "Encryption\Encryption.vcxproj", "{62B92983-F69B-413C-B5B5-3E116021958A}"
EndProject
Project("{2150E333-8FDC-42A3-9474-1A3956D46DE8}") = "GoogleTest", "GoogleTest", "{3A220146-D0C3-4103-BE59-466C20740F9B}"
EndProject
Project("{8BC9CEB8-8B4A-11D0-8D11-00A0C91BC942}") = "gtest-md", "GoogleTest\gtest-md.vcxproj", "{C8F6C172-56F2-4E76-B5FA-C3B423B31BE8}"
EndProject
Project("{8BC9CEB8-8B4A-11D0-8D11-00A0C91BC942}") = "gtest_main-md", "GoogleTest\gtest_main-md.vcxproj", "{3AF54C8A-10BF-4332-9147-F68ED9862033}"
EndProject
Project("{8BC9CEB8-8B4A-11D0-8D11-00A0C91BC942}") = "gmock", "GoogleTest\gmock.vcxproj", "{34681F0D-CE45-415D-B5F2-5C662DFE3BD5}"
EndProject
Project("{8BC9CEB8-8B4A-11D0-8D11-00A0C91BC942}") = "gmock_main", "GoogleTest\gmock_main.vcxproj", "{E4EF614B-30DF-4954-8C53-580A0BF6B589}"
EndProject
Global
	GlobalSection(SolutionConfigurationPlatforms) = preSolution
		Debug|x64 = Debug|x64
		Debug|x86 = Debug|x86
		Release|x64 = Release|x64
		Release|x86 = Release|x86
	EndGlobalSection
	GlobalSection(ProjectConfigurationPlatforms) = postSolution
		{62B92983-F69B-413C-B5B5-3E116021958A}.Debug|x64.ActiveCfg = Debug|x64
		{62B92983-F69B-413C-B5B5-3E116021958A}.Debug|x64.Build.0 = Debug|x64
		{62B92983-F69B-413C-B5B5-3E116021958A}.Debug|x86.ActiveCfg = Debug|Win32
		{62B92983-F69B-413C-B5B5-3E116021958A}.Debug|x86.Build.0 = Debug|Win32
		{62B92983-F69B-413C-B5B5-3E116021958A}.Release|x64.ActiveCfg = Release|x64
		{62B92983-F69B-413C-B5B5-3E116021958A}.Release|x64.Build.0 = Release|x64
		{62B92983-F69B-413C-B5B5-3E116021958A}.Release|x86.ActiveCfg = Release|Win32
		{62B92983-F69B-413C-B5B5-3E116021958A}.Release|x86.Build.0 = Release|Win32
		{C8F6C172-56F2-4E76-B5FA-C3B423B31BE8}.Debug|x64.ActiveCfg = Debug|x64
		{C8F6C172-56F2-4E76-B5FA-C3B423B31BE8}.Debug|x64.Build.0 = Debug|x64
		{C8F6C172-56F2-4E76-B5FA-C3B423B31BE8}.Debug|x86.ActiveCfg = Debug|Win32
		{C8F6C172-56F2-4E76-B5FA-C3B423B31BE8}.Debug|x86.Build.0 = Debug|Win32
		{C8F6C172-56F2-4E76-B5FA-C3B423B31BE8}.Release|x64.ActiveCfg = Release|x64
		{C8F6C172-56F2-4E76-B5FA-C3B423B31BE8}.Release|x64.Build.0 = Release|x64
		{C8F6C172-56F2-4E76-B5FA-C3B423B31BE8}.Release|x86.ActiveCfg = Release|Win32
		{C8F6C172-56F2-4E76-B5FA-C3B423B31BE8}.Release|x86.Build.0 = Release|Win32
		{3AF54C8A-10BF-4332-9147-F68ED9862033}.Debug|x64.ActiveCfg = Debug|x64
		{3AF54C8A-10BF-4332-9147-F68ED9862033}.Debug|x64.Build.0 = Debug|x64
		{3AF54C8A-10BF-4332-9147-F68ED9862033}.Debug|x86.ActiveCfg = Debug|Win32
		{3AF54C8A-10BF-4332-9147-F68ED9862033}.Debug|x86.Build.0 = Debug|Win32
		{3AF54C8A-10BF-4332-9147-F68ED9862033}.Release|x64.ActiveCfg = Release|x64
		{3AF54C8A-10BF-4332-9147-F68ED9862033}.Release|x64.Build.0 = Release|x64
		{3AF54C8A-10BF-4332-9147-F68ED9862033}.Release|x86.ActiveCfg = Release|Win32
		{3AF54C8A-10BF-4332-9147-F68ED9862033}.Release|x86.Build.0 = Release|Win32
		{34681F0D-CE45-415D-B5F2-5C662DFE3BD5}.Debug|x64.ActiveCfg = Debug|x64
		{34681F0D-CE45-415D-B5F2-5C662DFE3BD5}.Debug|x64.Build.0 = Debug|x64
		{34681F0D-CE45-415D-B5F2-5C662DFE3BD5}.Debug|x86.ActiveCfg = Debug|Win32
		{34681F0D-CE45-415D-B5F2-5C662DFE3BD5}.Debug|x86.Build.0 = Debug|Win32
		{34681F0D-CE45-415D-B5F2-5C662DFE3BD5}.Release|x64.ActiveCfg = Release|x64
		{34681F0D-CE45-415D-B5F2-5C662DFE3BD5}.Release|x64.Build.0 = Release|x64
		{34681F0D-CE45-415D-B5F2-5C662DFE3BD5}.Release|x86.ActiveCfg = Release|Win32
		{34681F0D-CE45-415D-B5F2-5C662DFE3BD5}.Release|x86.Build.0 = Release|Win32
		{E4EF614B-30DF-4954-8C53-580A0BF6B589}.Debug|x64.ActiveCfg = Debug|x64
		{E4EF614B-30DF-4954-8C53-580A0BF6B589}.Debug|x64.Build.0 = Debug|x64
		{E4EF614B-30DF-4954-8C53-580A0BF6B589}.Debug|x86.ActiveCfg = Debug|Win32
		{E4EF614B-30DF-4954-8C53-580A0BF6B589}.Debug|x86.Build.0 = Debug|Win32
		{E4EF614B-30DF-4954-8C53-580A0BF6B589}.Release|x64.ActiveCfg = Release|x64
		{E4EF614B-30DF-4954-8C53-580A0BF6B589}.Release|x64.Build.0 = Release|x64
		{E4EF614B-30DF-4954-8C53-580A0BF6B589}.Release|x86.ActiveCfg = Release|Win32
		{E4EF614B-30DF-4954-8C53-580A0BF6B589}.Release|x86.Build.0 = Release|Win32
	EndGlobalSection
	GlobalSection(SolutionProperties) = preSolution
		HideSolutionNode = FALSE
	EndGlobalSection
	GlobalSection(NestedProjects) = preSolution
		{C8F6C172-56F2-4E76-B5FA-C3B423B31BE8} = {3A220146-D0C3-4103-BE59-466C20740F9B}
		{3AF54C8A-10BF-4332-9147-F68ED9862033} = {3A220146-D0C3-4103-BE59-466C20740F9B}
		{34681F0D-CE45-415D-B5F2-5C662DFE3BD5} = {3A220146-D0C3-4103-BE59-466C20740F9B}
		{E4EF614B-30DF-4954-8C53-580A0BF6B589} = {3A220146-D0C3-4103-BE59-466C20740F9B}
	EndGlobalSection
	GlobalSection(ExtensibilityGlobals) = postSolution
		SolutionGuid = {957BDF5D-9148-460F-9AAF-1CC3D47F93E2}
	EndGlobalSection
EndGlobal
